
Microsoft Visual Studio Solution File, Format Version 12.00
# Visual Studio Version 17
VisualStudioVersion = 17.9.34616.47
MinimumVisualStudioVersion = 10.0.40219.1
Project("{FAE04EC0-301F-11D3-BF4B-00C04F79EFBC}") = "WindowsFormsApp1", "WindowsFormsApp1\WindowsFormsApp1.csproj", "{258883BF-0BBF-4820-9938-E89BEAC340E6}"
EndProject
Global
	GlobalSection(SolutionConfigurationPlatforms) = preSolution
		Debug|Any CPU = Debug|Any CPU
		Release|Any CPU = Release|Any CPU
	EndGlobalSection
	GlobalSection(ProjectConfigurationPlatforms) = postSolution
		{258883BF-0BBF-4820-9938-E89BEAC340E6}.Debug|Any CPU.ActiveCfg = Debug|Any CPU
		{258883BF-0BBF-4820-9938-E89BEAC340E6}.Debug|Any CPU.Build.0 = Debug|Any CPU
		{258883BF-0BBF-4820-9938-E89BEAC340E6}.Release|Any CPU.ActiveCfg = Release|Any CPU
		{258883BF-0BBF-4820-9938-E89BEAC340E6}.Release|Any CPU.Build.0 = Release|Any CPU
	EndGlobalSection
	GlobalSection(SolutionProperties) = preSolution
		HideSolutionNode = FALSE
	EndGlobalSection
	GlobalSection(ExtensibilityGlobals) = postSolution
		SolutionGuid = {D510E6DD-AC09-4B44-B724-1FDBEFB8FA6A}
	EndGlobalSection
EndGlobal
